
Microsoft Visual Studio Solution File, Format Version 12.00
# Visual Studio Version 16
VisualStudioVersion = 16.0.29519.181
MinimumVisualStudioVersion = 10.0.40219.1
Project("{FAE04EC0-301F-11D3-BF4B-00C04F79EFBC}") = "MyNotes", "MyNotes.csproj", "{C8C0BA18-8A46-499D-8AFA-680BB24E18B2}"
EndProject
Global
	GlobalSection(SolutionConfigurationPlatforms) = preSolution
		Debug|Any CPU = Debug|Any CPU
		Release|Any CPU = Release|Any CPU
	EndGlobalSection
	GlobalSection(ProjectConfigurationPlatforms) = postSolution
		{C8C0BA18-8A46-499D-8AFA-680BB24E18B2}.Debug|Any CPU.ActiveCfg = Debug|Any CPU
		{C8C0BA18-8A46-499D-8AFA-680BB24E18B2}.Debug|Any CPU.Build.0 = Debug|Any CPU
		{C8C0BA18-8A46-499D-8AFA-680BB24E18B2}.Release|Any CPU.ActiveCfg = Release|Any CPU
		{C8C0BA18-8A46-499D-8AFA-680BB24E18B2}.Release|Any CPU.Build.0 = Release|Any CPU
	EndGlobalSection
	GlobalSection(SolutionProperties) = preSolution
		HideSolutionNode = FALSE
	EndGlobalSection
	GlobalSection(ExtensibilityGlobals) = postSolution
		SolutionGuid = {89FCBDF9-9F57-4F1E-8BCF-A891928FA458}
	EndGlobalSection
EndGlobal
